
Microsoft Visual Studio Solution File, Format Version 12.00
# Visual Studio Version 16
VisualStudioVersion = 16.0.32106.194
MinimumVisualStudioVersion = 10.0.40219.1
Project("{FAE04EC0-301F-11D3-BF4B-00C04F79EFBC}") = "Tarea3", "Tarea3.csproj", "{EA8CEC2B-F46C-43EB-A29D-42EDE9A2AEAE}"
EndProject
Global
	GlobalSection(SolutionConfigurationPlatforms) = preSolution
		Debug|Any CPU = Debug|Any CPU
		Release|Any CPU = Release|Any CPU
	EndGlobalSection
	GlobalSection(ProjectConfigurationPlatforms) = postSolution
		{EA8CEC2B-F46C-43EB-A29D-42EDE9A2AEAE}.Debug|Any CPU.ActiveCfg = Debug|Any CPU
		{EA8CEC2B-F46C-43EB-A29D-42EDE9A2AEAE}.Debug|Any CPU.Build.0 = Debug|Any CPU
		{EA8CEC2B-F46C-43EB-A29D-42EDE9A2AEAE}.Release|Any CPU.ActiveCfg = Release|Any CPU
		{EA8CEC2B-F46C-43EB-A29D-42EDE9A2AEAE}.Release|Any CPU.Build.0 = Release|Any CPU
	EndGlobalSection
	GlobalSection(SolutionProperties) = preSolution
		HideSolutionNode = FALSE
	EndGlobalSection
	GlobalSection(ExtensibilityGlobals) = postSolution
		SolutionGuid = {075315DD-4C39-4D4D-A29A-323EDD61FE0C}
	EndGlobalSection
EndGlobal
